
Microsoft Visual Studio Solution File, Format Version 12.00
# Visual Studio Version 16
VisualStudioVersion = 16.0.30621.155
MinimumVisualStudioVersion = 10.0.40219.1
Project("{FAE04EC0-301F-11D3-BF4B-00C04F79EFBC}") = "OrdemProdutos", "OrdemProdutos\OrdemProdutos.csproj", "{10194432-1C26-4DD6-84E2-72FCB252D216}"
EndProject
Global
	GlobalSection(SolutionConfigurationPlatforms) = preSolution
		Debug|Any CPU = Debug|Any CPU
		Release|Any CPU = Release|Any CPU
	EndGlobalSection
	GlobalSection(ProjectConfigurationPlatforms) = postSolution
		{10194432-1C26-4DD6-84E2-72FCB252D216}.Debug|Any CPU.ActiveCfg = Debug|Any CPU
		{10194432-1C26-4DD6-84E2-72FCB252D216}.Debug|Any CPU.Build.0 = Debug|Any CPU
		{10194432-1C26-4DD6-84E2-72FCB252D216}.Release|Any CPU.ActiveCfg = Release|Any CPU
		{10194432-1C26-4DD6-84E2-72FCB252D216}.Release|Any CPU.Build.0 = Release|Any CPU
	EndGlobalSection
	GlobalSection(SolutionProperties) = preSolution
		HideSolutionNode = FALSE
	EndGlobalSection
	GlobalSection(ExtensibilityGlobals) = postSolution
		SolutionGuid = {F3C6B080-547A-48B1-A984-1BBCDE19958D}
	EndGlobalSection
EndGlobal
